<Solution>
  <Folder Name="/DevStack.Client/">
    <Project Path="DevStack.Client/Devstack.Client.csproj" />
  </Folder>
  <Project Path="DevStack.Api/DevStack.Api.csproj" />
  <Project Path="DevStack.Application/DevStack.Application.csproj" />
  <Project Path="DevStack.Contracts/DevStack.Contracts.csproj" />
  <Project Path="DevStack.Domain/DevStack.Domain.csproj" />
  <Project Path="DevStack.Infrastructure/DevStack.Infrastructure.csproj" />
  <Project Path="DevStack.Mcp/DevStack.Mcp.csproj" />
  <Project Path="DevStack.Persistence/DevStack.Persistence.csproj" />
  <Project Path="DevStack.Tests.Integration.GraphQL.Client/DevStack.Tests.Integration.GraphQL.Client.csproj" />
  <Project Path="DevStack.Tests.Integration/DevStack.Tests.Integration.csproj" />
  <Project Path="DevStack.Tests.Unit/DevStack.Tests.Unit.csproj" />
</Solution>
